
Microsoft Visual Studio Solution File, Format Version 12.00
# Visual Studio Version 17
VisualStudioVersion = 17.6.33723.286
MinimumVisualStudioVersion = 10.0.40219.1
Project("{FAE04EC0-301F-11D3-BF4B-00C04F79EFBC}") = "Casgem_ajax", "Casgem_ajax\Casgem_ajax.csproj", "{1A5224A5-038F-496C-B8AA-3EA3A90ED3C8}"
EndProject
Global
	GlobalSection(SolutionConfigurationPlatforms) = preSolution
		Debug|Any CPU = Debug|Any CPU
		Release|Any CPU = Release|Any CPU
	EndGlobalSection
	GlobalSection(ProjectConfigurationPlatforms) = postSolution
		{1A5224A5-038F-496C-B8AA-3EA3A90ED3C8}.Debug|Any CPU.ActiveCfg = Debug|Any CPU
		{1A5224A5-038F-496C-B8AA-3EA3A90ED3C8}.Debug|Any CPU.Build.0 = Debug|Any CPU
		{1A5224A5-038F-496C-B8AA-3EA3A90ED3C8}.Release|Any CPU.ActiveCfg = Release|Any CPU
		{1A5224A5-038F-496C-B8AA-3EA3A90ED3C8}.Release|Any CPU.Build.0 = Release|Any CPU
	EndGlobalSection
	GlobalSection(SolutionProperties) = preSolution
		HideSolutionNode = FALSE
	EndGlobalSection
	GlobalSection(ExtensibilityGlobals) = postSolution
		SolutionGuid = {1AEA2967-DF84-4947-8753-7BDFEBD611F1}
	EndGlobalSection
EndGlobal
